
Microsoft Visual Studio Solution File, Format Version 12.00
# Visual Studio Version 17
VisualStudioVersion = 17.7.34202.233
MinimumVisualStudioVersion = 10.0.40219.1
Project("{FAE04EC0-301F-11D3-BF4B-00C04F79EFBC}") = "DE_WebCambios", "DE_WebCambios.csproj", "{C4911F82-CC7D-4635-9023-4C5342A7EA9C}"
EndProject
Global
	GlobalSection(SolutionConfigurationPlatforms) = preSolution
		Debug|Any CPU = Debug|Any CPU
		Release|Any CPU = Release|Any CPU
	EndGlobalSection
	GlobalSection(ProjectConfigurationPlatforms) = postSolution
		{C4911F82-CC7D-4635-9023-4C5342A7EA9C}.Debug|Any CPU.ActiveCfg = Debug|Any CPU
		{C4911F82-CC7D-4635-9023-4C5342A7EA9C}.Debug|Any CPU.Build.0 = Debug|Any CPU
		{C4911F82-CC7D-4635-9023-4C5342A7EA9C}.Release|Any CPU.ActiveCfg = Release|Any CPU
		{C4911F82-CC7D-4635-9023-4C5342A7EA9C}.Release|Any CPU.Build.0 = Release|Any CPU
	EndGlobalSection
	GlobalSection(SolutionProperties) = preSolution
		HideSolutionNode = FALSE
	EndGlobalSection
	GlobalSection(ExtensibilityGlobals) = postSolution
		SolutionGuid = {2FEEAA48-AE21-42E5-B467-6584A72DD5DE}
	EndGlobalSection
EndGlobal
